{
  "lockfileVersion": 1,
  "configVersion": 1,
  "workspaces": {
    "": {
      "name": "qa-automation-lab",
      "devDependencies": {
        "@axe-core/playwright": "4.9.1",
        "@playwright/test": "1.44.0",
        "@types/node": "20.0.0",
        "dotenv": "16.4.5",
        "typescript": "5.4.5",
      },
    },
  },
  "packages": {
    "@axe-core/playwright": ["@axe-core/playwright@4.9.1", "", { "dependencies": { "axe-core": "~4.9.1" }, "peerDependencies": { "playwright-core": ">= 1.0.0" } }, "sha512-8m4WZbZq7/aq7ZY5IG8GqV+ZdvtGn/iJdom+wBg+iv/3BAOBIfNQtIu697a41438DzEEyptXWmC3Xl5Kx/o9/g=="],

    "@playwright/test": ["@playwright/test@1.44.0", "", { "dependencies": { "playwright": "1.44.0" }, "bin": { "playwright": "cli.js" } }, "sha512-rNX5lbNidamSUorBhB4XZ9SQTjAqfe5M+p37Z8ic0jPFBMo5iCtQz1kRWkEMg+rYOKSlVycpQmpqjSFq7LXOfg=="],

    "@types/node": ["@types/node@20.0.0", "", {}, "sha512-cD2uPTDnQQCVpmRefonO98/PPijuOnnEy5oytWJFPY1N9aJCz2wJ5kSGWO+zJoed2cY2JxQh6yBuUq4vIn61hw=="],

    "axe-core": ["axe-core@4.9.1", "", {}, "sha512-QbUdXJVTpvUTHU7871ppZkdOLBeGUKBQWHkHrvN2V9IQWGMt61zf3B45BtzjxEJzYuj0JBjBZP/hmYS/R9pmAw=="],

    "dotenv": ["dotenv@16.4.5", "", {}, "sha512-ZmdL2rui+eB2YwhsWzjInR8LldtZHGDoQ1ugH85ppHKwpUHL7j7rN0Ti9NCnGiQbhaZ11FpR+7ao1dNsmduNUg=="],

    "fsevents": ["fsevents@2.3.2", "", { "os": "darwin" }, "sha512-xiqMQR4xAeHTuB9uWm+fFRcIOgKBMiOBP+eXiyT7jsgVCq1bkVygt00oASowB7EdtpOHaaPgKt812P9ab+DDKA=="],

    "playwright": ["playwright@1.44.0", "", { "dependencies": { "playwright-core": "1.44.0" }, "optionalDependencies": { "fsevents": "2.3.2" }, "bin": { "playwright": "cli.js" } }, "sha512-F9b3GUCLQ3Nffrfb6dunPOkE5Mh68tR7zN32L4jCk4FjQamgesGay7/dAAe1WaMEGV04DkdJfcJzjoCKygUaRQ=="],

    "playwright-core": ["playwright-core@1.44.0", "", { "bin": { "playwright-core": "cli.js" } }, "sha512-ZTbkNpFfYcGWohvTTl+xewITm7EOuqIqex0c7dNZ+aXsbrLj0qI8XlGKfPpipjm0Wny/4Lt4CJsWJk1stVS5qQ=="],

    "typescript": ["typescript@5.4.5", "", { "bin": { "tsc": "bin/tsc", "tsserver": "bin/tsserver" } }, "sha512-vcI4UpRgg81oIRUFwR0WSIHKt11nJ7SAVlYNIu+QpqeyXP+gpQJy/Z4+F0aGxSE4MqwjyXvW/TzgkLAx2AGHwQ=="],
  }
}
